// !$*UTF8*$!
{
	archiveVersion = 1;
	classes = {
	};
	objectVersion = 46;
	objects = {

/* Begin PBXBuildFile section */
		28743F4B1E835CA800D5BD5F /* main.m in Sources */ = {isa = PBXBuildFile; fileRef = 28743F4A1E835CA800D5BD5F /* main.m */; };
		28743F531E836CA000D5BD5F /* Student.m in Sources */ = {isa = PBXBuildFile; fileRef = 28743F521E836CA000D5BD5F /* Student.m */; };
		28743F561E83785900D5BD5F /* zhangSum.m in Sources */ = {isa = PBXBuildFile; fileRef = 28743F551E83785900D5BD5F /* zhangSum.m */; };
/* End PBXBuildFile section */

/* Begin PBXCopyFilesBuildPhase section */
		28743F451E835CA800D5BD5F /* CopyFiles */ = {
			isa = PBXCopyFilesBuildPhase;
			buildActionMask = 2147483647;
			dstPath = /usr/share/man/man1/;
			dstSubfolderSpec = 0;
			files = (
			);
			runOnlyForDeploymentPostprocessing = 1;
		};
/* End PBXCopyFilesBuildPhase section */

/* Begin PBXFileReference section */
		28743F471E835CA800D5BD5F /* testnewoc */ = {isa = PBXFileReference; explicitFileType = "compiled.mach-o.executable"; includeInIndex = 0; path = testnewoc; sourceTree = BUILT_PRODUCTS_DIR; };
		28743F4A1E835CA800D5BD5F /* main.m */ = {isa = PBXFileReference; lastKnownFileType = sourcecode.c.objc; path = main.m; sourceTree = "<group>"; };
		28743F511E836CA000D5BD5F /* Student.h */ = {isa = PBXFileReference; fileEncoding = 4; lastKnownFileType = sourcecode.c.h; path = Student.h; sourceTree = "<group>"; };
		28743F521E836CA000D5BD5F /* Student.m */ = {isa = PBXFileReference; fileEncoding = 4; lastKnownFileType = sourcecode.c.objc; path = Student.m; sourceTree = "<group>"; };
		28743F541E83785900D5BD5F /* zhangSum.h */ = {isa = PBXFileReference; fileEncoding = 4; lastKnownFileType = sourcecode.c.h; path = zhangSum.h; sourceTree = "<group>"; };
		28743F551E83785900D5BD5F /* zhangSum.m */ = {isa = PBXFileReference; fileEncoding = 4; lastKnownFileType = sourcecode.c.objc; path = zhangSum.m; sourceTree = "<group>"; };
/* End PBXFileReference section */

/* Begin PBXFrameworksBuildPhase section */
		28743F441E835CA800D5BD5F /* Frameworks */ = {
			isa = PBXFrameworksBuildPhase;
			buildActionMask = 2147483647;
			files = (
			);
			runOnlyForDeploymentPostprocessing = 0;
		};
/* End PBXFrameworksBuildPhase section */

/* Begin PBXGroup section */
		28743F3E1E835CA800D5BD5F = {
			isa = PBXGroup;
			children = (
				28743F491E835CA800D5BD5F /* testnewoc */,
				28743F481E835CA800D5BD5F /* Products */,
			);
			sourceTree = "<group>";
		};
		28743F481E835CA800D5BD5F /* Products */ = {
			isa = PBXGroup;
			children = (
				28743F471E835CA800D5BD5F /* testnewoc */,
			);
			name = Products;
			sourceTree = "<group>";
		};
		28743F491E835CA800D5BD5F /* testnewoc */ = {
			isa = PBXGroup;
			children = (
				28743F4A1E835CA800D5BD5F /* main.m */,
				28743F541E83785900D5BD5F /* zhangSum.h */,
				28743F551E83785900D5BD5F /* zhangSum.m */,
				28743F511E836CA000D5BD5F /* Student.h */,
				28743F521E836CA000D5BD5F /* Student.m */,
			);
			path = testnewoc;
			sourceTree = "<group>";
		};
/* End PBXGroup section */

/* Begin PBXNativeTarget section */
		28743F461E835CA800D5BD5F /* testnewoc */ = {
			isa = PBXNativeTarget;
			buildConfigurationList = 28743F4E1E835CA800D5BD5F /* Build configuration list for PBXNativeTarget "testnewoc" */;
			buildPhases = (
				28743F431E835CA800D5BD5F /* Sources */,
				28743F441E835CA800D5BD5F /* Frameworks */,
				28743F451E835CA800D5BD5F /* CopyFiles */,
			);
			buildRules = (
			);
			dependencies = (
			);
			name = testnewoc;
			productName = testnewoc;
			productReference = 28743F471E835CA800D5BD5F /* testnewoc */;
			productType = "com.apple.product-type.tool";
		};
/* End PBXNativeTarget section */

/* Begin PBXProject section */
		28743F3F1E835CA800D5BD5F /* Project object */ = {
			isa = PBXProject;
			attributes = {
				LastUpgradeCheck = 0820;
				ORGANIZATIONNAME = phoenixzhang;
				TargetAttributes = {
					28743F461E835CA800D5BD5F = {
						CreatedOnToolsVersion = 8.2.1;
						ProvisioningStyle = Automatic;
					};
				};
			};
			buildConfigurationList = 28743F421E835CA800D5BD5F /* Build configuration list for PBXProject "testnewoc" */;
			compatibilityVersion = "Xcode 3.2";
			developmentRegion = English;
			hasScannedForEncodings = 0;
			knownRegions = (
				en,
			);
			mainGroup = 28743F3E1E835CA800D5BD5F;
			productRefGroup = 28743F481E835CA800D5BD5F /* Products */;
			projectDirPath = "";
			projectRoot = "";
			targets = (
				28743F461E835CA800D5BD5F /* testnewoc */,
			);
		};
/* End PBXProject section */

/* Begin PBXSourcesBuildPhase section */
		28743F431E835CA800D5BD5F /* Sources */ = {
			isa = PBXSourcesBuildPhase;
			buildActionMask = 2147483647;
			files = (
				28743F4B1E835CA800D5BD5F /* main.m in Sources */,
				28743F561E83785900D5BD5F /* zhangSum.m in Sources */,
				28743F531E836CA000D5BD5F /* Student.m in Sources */,
			);
			runOnlyForDeploymentPostprocessing = 0;
		};
/* End PBXSourcesBuildPhase section */

/* Begin XCBuildConfiguration section */
		28743F4C1E835CA800D5BD5F /* Debug */ = {
			isa = XCBuildConfiguration;
			buildSettings = {
				ALWAYS_SEARCH_USER_PATHS = NO;
				CLANG_ANALYZER_NONNULL = YES;
				CLANG_CXX_LANGUAGE_STANDARD = "gnu++0x";
				CLANG_CXX_LIBRARY = "libc++";
				CLANG_ENABLE_MODULES = YES;
				CLANG_ENABLE_OBJC_ARC = YES;
				CLANG_WARN_BOOL_CONVERSION = YES;
				CLANG_WARN_CONSTANT_CONVERSION = YES;
				CLANG_WARN_DIRECT_OBJC_ISA_USAGE = YES_ERROR;
				CLANG_WARN_DOCUMENTATION_COMMENTS = YES;
				CLANG_WARN_EMPTY_BODY = YES;
				CLANG_WARN_ENUM_CONVERSION = YES;
				CLANG_WARN_INFINITE_RECURSION = YES;
				CLANG_WARN_INT_CONVERSION = YES;
				CLANG_WARN_OBJC_ROOT_CLASS = YES_ERROR;
				CLANG_WARN_SUSPICIOUS_MOVE = YES;
				CLANG_WARN_UNREACHABLE_CODE = YES;
				CLANG_WARN__DUPLICATE_METHOD_MATCH = YES;
				CODE_SIGN_IDENTITY = "-";
				COPY_PHASE_STRIP = NO;
				DEBUG_INFORMATION_FORMAT = dwarf;
				ENABLE_STRICT_OBJC_MSGSEND = YES;
				ENABLE_TESTABILITY = YES;
				GCC_C_LANGUAGE_STANDARD = gnu99;
				GCC_DYNAMIC_NO_PIC = NO;
				GCC_NO_COMMON_BLOCKS = YES;
				GCC_OPTIMIZATION_LEVEL = 0;
				GCC_PREPROCESSOR_DEFINITIONS = (
					"DEBUG=1",
					"$(inherited)",
				);
				GCC_WARN_64_TO_32_BIT_CONVERSION = YES;
				GCC_WARN_ABOUT_RETURN_TYPE = YES_ERROR;
				GCC_WARN_UNDECLARED_SELECTOR = YES;
				GCC_WARN_UNINITIALIZED_AUTOS = YES_AGGRESSIVE;
				GCC_WARN_UNUSED_FUNCTION = YES;
				GCC_WARN_UNUSED_VARIABLE = YES;
				MACOSX_DEPLOYMENT_TARGET = 10.12;
				MTL_ENABLE_DEBUG_INFO = YES;
				ONLY_ACTIVE_ARCH = YES;
				SDKROOT = macosx;
			};
			name = Debug;
		};
		28743F4D1E835CA800D5BD5F /* Release */ = {
			isa = XCBuildConfiguration;
			buildSettings = {
				ALWAYS_SEARCH_USER_PATHS = NO;
				CLANG_ANALYZER_NONNULL = YES;
				CLANG_CXX_LANGUAGE_STANDARD = "gnu++0x";
				CLANG_CXX_LIBRARY = "libc++";
				CLANG_ENABLE_MODULES = YES;
				CLANG_ENABLE_OBJC_ARC = YES;
				CLANG_WARN_BOOL_CONVERSION = YES;
				CLANG_WARN_CONSTANT_CONVERSION = YES;
				CLANG_WARN_DIRECT_OBJC_ISA_USAGE = YES_ERROR;
				CLANG_WARN_DOCUMENTATION_COMMENTS = YES;
				CLANG_WARN_EMPTY_BODY = YES;
				CLANG_WARN_ENUM_CONVERSION = YES;
				CLANG_WARN_INFINITE_RECURSION = YES;
				CLANG_WARN_INT_CONVERSION = YES;
				CLANG_WARN_OBJC_ROOT_CLASS = YES_ERROR;
				CLANG_WARN_SUSPICIOUS_MOVE = YES;
				CLANG_WARN_UNREACHABLE_CODE = YES;
				CLANG_WARN__DUPLICATE_METHOD_MATCH = YES;
				CODE_SIGN_IDENTITY = "-";
				COPY_PHASE_STRIP = NO;
				DEBUG_INFORMATION_FORMAT = "dwarf-with-dsym";
				ENABLE_NS_ASSERTIONS = NO;
				ENABLE_STRICT_OBJC_MSGSEND = YES;
				GCC_C_LANGUAGE_STANDARD = gnu99;
				GCC_NO_COMMON_BLOCKS = YES;
				GCC_WARN_64_TO_32_BIT_CONVERSION = YES;
				GCC_WARN_ABOUT_RETURN_TYPE = YES_ERROR;
				GCC_WARN_UNDECLARED_SELECTOR = YES;
				GCC_WARN_UNINITIALIZED_AUTOS = YES_AGGRESSIVE;
				GCC_WARN_UNUSED_FUNCTION = YES;
				GCC_WARN_UNUSED_VARIABLE = YES;
				MACOSX_DEPLOYMENT_TARGET = 10.12;
				MTL_ENABLE_DEBUG_INFO = NO;
				SDKROOT = macosx;
			};
			name = Release;
		};
		28743F4F1E835CA800D5BD5F /* Debug */ = {
			isa = XCBuildConfiguration;
			buildSettings = {
				PRODUCT_NAME = "$(TARGET_NAME)";
			};
			name = Debug;
		};
		28743F501E835CA800D5BD5F /* Release */ = {
			isa = XCBuildConfiguration;
			buildSettings = {
				PRODUCT_NAME = "$(TARGET_NAME)";
			};
			name = Release;
		};
/* End XCBuildConfiguration section */

/* Begin XCConfigurationList section */
		28743F421E835CA800D5BD5F /* Build configuration list for PBXProject "testnewoc" */ = {
			isa = XCConfigurationList;
			buildConfigurations = (
				28743F4C1E835CA800D5BD5F /* Debug */,
				28743F4D1E835CA800D5BD5F /* Release */,
			);
			defaultConfigurationIsVisible = 0;
			defaultConfigurationName = Release;
		};
		28743F4E1E835CA800D5BD5F /* Build configuration list for PBXNativeTarget "testnewoc" */ = {
			isa = XCConfigurationList;
			buildConfigurations = (
				28743F4F1E835CA800D5BD5F /* Debug */,
				28743F501E835CA800D5BD5F /* Release */,
			);
			defaultConfigurationIsVisible = 0;
		};
/* End XCConfigurationList section */
	};
	rootObject = 28743F3F1E835CA800D5BD5F /* Project object */;
}
